
Microsoft Visual Studio Solution File, Format Version 12.00
# Visual Studio Version 17
VisualStudioVersion = 17.13.35931.197 d17.13
MinimumVisualStudioVersion = 10.0.40219.1
Project("{FAE04EC0-301F-11D3-BF4B-00C04F79EFBC}") = "2ndMax", "2ndMax\2ndMax.csproj", "{07D0EA26-8ACC-4586-A0E4-876792E821E0}"
EndProject
Global
	GlobalSection(SolutionConfigurationPlatforms) = preSolution
		Debug|Any CPU = Debug|Any CPU
		Release|Any CPU = Release|Any CPU
	EndGlobalSection
	GlobalSection(ProjectConfigurationPlatforms) = postSolution
		{07D0EA26-8ACC-4586-A0E4-876792E821E0}.Debug|Any CPU.ActiveCfg = Debug|Any CPU
		{07D0EA26-8ACC-4586-A0E4-876792E821E0}.Debug|Any CPU.Build.0 = Debug|Any CPU
		{07D0EA26-8ACC-4586-A0E4-876792E821E0}.Release|Any CPU.ActiveCfg = Release|Any CPU
		{07D0EA26-8ACC-4586-A0E4-876792E821E0}.Release|Any CPU.Build.0 = Release|Any CPU
	EndGlobalSection
	GlobalSection(SolutionProperties) = preSolution
		HideSolutionNode = FALSE
	EndGlobalSection
	GlobalSection(ExtensibilityGlobals) = postSolution
		SolutionGuid = {9440F368-7A82-48C4-A4D9-98A1F457DD14}
	EndGlobalSection
EndGlobal
