
Microsoft Visual Studio Solution File, Format Version 12.00
# Visual Studio Version 17
VisualStudioVersion = 17.13.35931.197 d17.13
MinimumVisualStudioVersion = 10.0.40219.1
Project("{FAE04EC0-301F-11D3-BF4B-00C04F79EFBC}") = "Conditional statement", "Conditional statement\Conditional statement.csproj", "{A7B804EA-2E40-48D5-BFE6-915C8EE84C51}"
EndProject
Global
	GlobalSection(SolutionConfigurationPlatforms) = preSolution
		Debug|Any CPU = Debug|Any CPU
		Release|Any CPU = Release|Any CPU
	EndGlobalSection
	GlobalSection(ProjectConfigurationPlatforms) = postSolution
		{A7B804EA-2E40-48D5-BFE6-915C8EE84C51}.Debug|Any CPU.ActiveCfg = Debug|Any CPU
		{A7B804EA-2E40-48D5-BFE6-915C8EE84C51}.Debug|Any CPU.Build.0 = Debug|Any CPU
		{A7B804EA-2E40-48D5-BFE6-915C8EE84C51}.Release|Any CPU.ActiveCfg = Release|Any CPU
		{A7B804EA-2E40-48D5-BFE6-915C8EE84C51}.Release|Any CPU.Build.0 = Release|Any CPU
	EndGlobalSection
	GlobalSection(SolutionProperties) = preSolution
		HideSolutionNode = FALSE
	EndGlobalSection
	GlobalSection(ExtensibilityGlobals) = postSolution
		SolutionGuid = {7E48828E-BE70-40A1-9E85-F6E81270317D}
	EndGlobalSection
EndGlobal
