
Microsoft Visual Studio Solution File, Format Version 12.00
# Visual Studio Version 17
VisualStudioVersion = 17.13.35931.197 d17.13
MinimumVisualStudioVersion = 10.0.40219.1
Project("{FAE04EC0-301F-11D3-BF4B-00C04F79EFBC}") = "loops", "loops\loops.csproj", "{706A503B-D6E6-4760-8F90-964F0605DC08}"
EndProject
Global
	GlobalSection(SolutionConfigurationPlatforms) = preSolution
		Debug|Any CPU = Debug|Any CPU
		Release|Any CPU = Release|Any CPU
	EndGlobalSection
	GlobalSection(ProjectConfigurationPlatforms) = postSolution
		{706A503B-D6E6-4760-8F90-964F0605DC08}.Debug|Any CPU.ActiveCfg = Debug|Any CPU
		{706A503B-D6E6-4760-8F90-964F0605DC08}.Debug|Any CPU.Build.0 = Debug|Any CPU
		{706A503B-D6E6-4760-8F90-964F0605DC08}.Release|Any CPU.ActiveCfg = Release|Any CPU
		{706A503B-D6E6-4760-8F90-964F0605DC08}.Release|Any CPU.Build.0 = Release|Any CPU
	EndGlobalSection
	GlobalSection(SolutionProperties) = preSolution
		HideSolutionNode = FALSE
	EndGlobalSection
	GlobalSection(ExtensibilityGlobals) = postSolution
		SolutionGuid = {EF1DBF14-F11E-4FE2-820C-C9AD0449C3F9}
	EndGlobalSection
EndGlobal
