
Microsoft Visual Studio Solution File, Format Version 12.00
# Visual Studio Version 17
VisualStudioVersion = 17.13.35931.197 d17.13
MinimumVisualStudioVersion = 10.0.40219.1
Project("{FAE04EC0-301F-11D3-BF4B-00C04F79EFBC}") = "PalindromeString", "PalindromeString\PalindromeString.csproj", "{7577AAD8-9C96-4382-9F67-17EABA1D9FF4}"
EndProject
Global
	GlobalSection(SolutionConfigurationPlatforms) = preSolution
		Debug|Any CPU = Debug|Any CPU
		Release|Any CPU = Release|Any CPU
	EndGlobalSection
	GlobalSection(ProjectConfigurationPlatforms) = postSolution
		{7577AAD8-9C96-4382-9F67-17EABA1D9FF4}.Debug|Any CPU.ActiveCfg = Debug|Any CPU
		{7577AAD8-9C96-4382-9F67-17EABA1D9FF4}.Debug|Any CPU.Build.0 = Debug|Any CPU
		{7577AAD8-9C96-4382-9F67-17EABA1D9FF4}.Release|Any CPU.ActiveCfg = Release|Any CPU
		{7577AAD8-9C96-4382-9F67-17EABA1D9FF4}.Release|Any CPU.Build.0 = Release|Any CPU
	EndGlobalSection
	GlobalSection(SolutionProperties) = preSolution
		HideSolutionNode = FALSE
	EndGlobalSection
	GlobalSection(ExtensibilityGlobals) = postSolution
		SolutionGuid = {CF5E72F8-854A-4302-9438-DBF39EF474AD}
	EndGlobalSection
EndGlobal
